
Microsoft Visual Studio Solution File, Format Version 10.00
# Visual Studio 2008
Project("{FAE04EC0-301F-11D3-BF4B-00C04F79EFBC}") = "PlainGraph", "PlainGraph\PlainGraph.csproj", "{74CE9196-3207-4B7A-A21D-8EA7AC89EB80}"
EndProject
Project("{FAE04EC0-301F-11D3-BF4B-00C04F79EFBC}") = "PlainGraphDemo", "PlainGraphDemo\PlainGraphDemo.csproj", "{681CCEC4-17E4-4BB6-BA08-DA6FB4843F66}"
EndProject
Global
	GlobalSection(SolutionConfigurationPlatforms) = preSolution
		Debug|Any CPU = Debug|Any CPU
		Release|Any CPU = Release|Any CPU
	EndGlobalSection
	GlobalSection(ProjectConfigurationPlatforms) = postSolution
		{74CE9196-3207-4B7A-A21D-8EA7AC89EB80}.Debug|Any CPU.ActiveCfg = Debug|Any CPU
		{74CE9196-3207-4B7A-A21D-8EA7AC89EB80}.Debug|Any CPU.Build.0 = Debug|Any CPU
		{74CE9196-3207-4B7A-A21D-8EA7AC89EB80}.Release|Any CPU.ActiveCfg = Release|Any CPU
		{74CE9196-3207-4B7A-A21D-8EA7AC89EB80}.Release|Any CPU.Build.0 = Release|Any CPU
		{681CCEC4-17E4-4BB6-BA08-DA6FB4843F66}.Debug|Any CPU.ActiveCfg = Debug|Any CPU
		{681CCEC4-17E4-4BB6-BA08-DA6FB4843F66}.Debug|Any CPU.Build.0 = Debug|Any CPU
		{681CCEC4-17E4-4BB6-BA08-DA6FB4843F66}.Release|Any CPU.ActiveCfg = Release|Any CPU
		{681CCEC4-17E4-4BB6-BA08-DA6FB4843F66}.Release|Any CPU.Build.0 = Release|Any CPU
	EndGlobalSection
	GlobalSection(SolutionProperties) = preSolution
		HideSolutionNode = FALSE
	EndGlobalSection
EndGlobal
